
Microsoft Visual Studio Solution File, Format Version 12.00
# Visual Studio Version 17
VisualStudioVersion = 17.2.32210.308
MinimumVisualStudioVersion = 10.0.40219.1
Project("{FAE04EC0-301F-11D3-BF4B-00C04F79EFBC}") = "PasswordGeneratorCSharp", "PasswordGeneratorCSharp.csproj", "{C94B8B54-9EC2-4B25-91A6-8703865987BA}"
EndProject
Global
	GlobalSection(SolutionConfigurationPlatforms) = preSolution
		Debug|Any CPU = Debug|Any CPU
		Release|Any CPU = Release|Any CPU
	EndGlobalSection
	GlobalSection(ProjectConfigurationPlatforms) = postSolution
		{C94B8B54-9EC2-4B25-91A6-8703865987BA}.Debug|Any CPU.ActiveCfg = Debug|Any CPU
		{C94B8B54-9EC2-4B25-91A6-8703865987BA}.Debug|Any CPU.Build.0 = Debug|Any CPU
		{C94B8B54-9EC2-4B25-91A6-8703865987BA}.Release|Any CPU.ActiveCfg = Release|Any CPU
		{C94B8B54-9EC2-4B25-91A6-8703865987BA}.Release|Any CPU.Build.0 = Release|Any CPU
	EndGlobalSection
	GlobalSection(SolutionProperties) = preSolution
		HideSolutionNode = FALSE
	EndGlobalSection
	GlobalSection(ExtensibilityGlobals) = postSolution
		SolutionGuid = {96DE3E1A-D90F-496E-9526-B194A17811F6}
	EndGlobalSection
EndGlobal
